
Microsoft Visual Studio Solution File, Format Version 12.00
# Visual Studio Version 17
VisualStudioVersion = 17.7.34221.43
MinimumVisualStudioVersion = 10.0.40219.1
Project("{FAE04EC0-301F-11D3-BF4B-00C04F79EFBC}") = "224Proje", "224Proje.csproj", "{C8FFF1AD-1846-47A6-BEB7-4C6A93432292}"
EndProject
Global
	GlobalSection(SolutionConfigurationPlatforms) = preSolution
		Debug|Any CPU = Debug|Any CPU
		Release|Any CPU = Release|Any CPU
	EndGlobalSection
	GlobalSection(ProjectConfigurationPlatforms) = postSolution
		{C8FFF1AD-1846-47A6-BEB7-4C6A93432292}.Debug|Any CPU.ActiveCfg = Debug|Any CPU
		{C8FFF1AD-1846-47A6-BEB7-4C6A93432292}.Debug|Any CPU.Build.0 = Debug|Any CPU
		{C8FFF1AD-1846-47A6-BEB7-4C6A93432292}.Release|Any CPU.ActiveCfg = Release|Any CPU
		{C8FFF1AD-1846-47A6-BEB7-4C6A93432292}.Release|Any CPU.Build.0 = Release|Any CPU
	EndGlobalSection
	GlobalSection(SolutionProperties) = preSolution
		HideSolutionNode = FALSE
	EndGlobalSection
	GlobalSection(ExtensibilityGlobals) = postSolution
		SolutionGuid = {94B8E9B7-9DC7-4A20-8C96-4140173F6F8F}
	EndGlobalSection
EndGlobal
